
Microsoft Visual Studio Solution File, Format Version 12.00
# Visual Studio Version 17
VisualStudioVersion = 17.7.34221.43
MinimumVisualStudioVersion = 10.0.40219.1
Project("{FAE04EC0-301F-11D3-BF4B-00C04F79EFBC}") = "Generics", "Generics\Generics.csproj", "{F53F0750-626D-4500-99B5-E9F6EA6D6F0E}"
EndProject
Project("{FAE04EC0-301F-11D3-BF4B-00C04F79EFBC}") = "FinalGenericStack", "FinalGenericStack\FinalGenericStack.csproj", "{4FA501BC-5337-41F1-BB31-C0D1FFE68F5E}"
EndProject
Project("{FAE04EC0-301F-11D3-BF4B-00C04F79EFBC}") = "FinalGenericQueue", "FinalGenericQueue\FinalGenericQueue.csproj", "{05AADA01-B3C7-4CE9-8188-2A593DBAA1B8}"
EndProject
Project("{FAE04EC0-301F-11D3-BF4B-00C04F79EFBC}") = "FinalBinarySearchTree", "FinalBinarySearchTree\FinalBinarySearchTree.csproj", "{60DC8C35-10F0-42E9-9276-06E8CA1FA4F2}"
EndProject
Global
	GlobalSection(SolutionConfigurationPlatforms) = preSolution
		Debug|Any CPU = Debug|Any CPU
		Release|Any CPU = Release|Any CPU
	EndGlobalSection
	GlobalSection(ProjectConfigurationPlatforms) = postSolution
		{F53F0750-626D-4500-99B5-E9F6EA6D6F0E}.Debug|Any CPU.ActiveCfg = Debug|Any CPU
		{F53F0750-626D-4500-99B5-E9F6EA6D6F0E}.Debug|Any CPU.Build.0 = Debug|Any CPU
		{F53F0750-626D-4500-99B5-E9F6EA6D6F0E}.Release|Any CPU.ActiveCfg = Release|Any CPU
		{F53F0750-626D-4500-99B5-E9F6EA6D6F0E}.Release|Any CPU.Build.0 = Release|Any CPU
		{4FA501BC-5337-41F1-BB31-C0D1FFE68F5E}.Debug|Any CPU.ActiveCfg = Debug|Any CPU
		{4FA501BC-5337-41F1-BB31-C0D1FFE68F5E}.Debug|Any CPU.Build.0 = Debug|Any CPU
		{4FA501BC-5337-41F1-BB31-C0D1FFE68F5E}.Release|Any CPU.ActiveCfg = Release|Any CPU
		{4FA501BC-5337-41F1-BB31-C0D1FFE68F5E}.Release|Any CPU.Build.0 = Release|Any CPU
		{05AADA01-B3C7-4CE9-8188-2A593DBAA1B8}.Debug|Any CPU.ActiveCfg = Debug|Any CPU
		{05AADA01-B3C7-4CE9-8188-2A593DBAA1B8}.Debug|Any CPU.Build.0 = Debug|Any CPU
		{05AADA01-B3C7-4CE9-8188-2A593DBAA1B8}.Release|Any CPU.ActiveCfg = Release|Any CPU
		{05AADA01-B3C7-4CE9-8188-2A593DBAA1B8}.Release|Any CPU.Build.0 = Release|Any CPU
		{60DC8C35-10F0-42E9-9276-06E8CA1FA4F2}.Debug|Any CPU.ActiveCfg = Debug|Any CPU
		{60DC8C35-10F0-42E9-9276-06E8CA1FA4F2}.Debug|Any CPU.Build.0 = Debug|Any CPU
		{60DC8C35-10F0-42E9-9276-06E8CA1FA4F2}.Release|Any CPU.ActiveCfg = Release|Any CPU
		{60DC8C35-10F0-42E9-9276-06E8CA1FA4F2}.Release|Any CPU.Build.0 = Release|Any CPU
	EndGlobalSection
	GlobalSection(SolutionProperties) = preSolution
		HideSolutionNode = FALSE
	EndGlobalSection
	GlobalSection(ExtensibilityGlobals) = postSolution
		SolutionGuid = {3B1BFF6C-113B-4E4B-BCC5-1149DC81719A}
	EndGlobalSection
EndGlobal
