
Microsoft Visual Studio Solution File, Format Version 12.00
# Visual Studio Version 17
VisualStudioVersion = 17.7.34221.43
MinimumVisualStudioVersion = 10.0.40219.1
Project("{FAE04EC0-301F-11D3-BF4B-00C04F79EFBC}") = "Homework day_3", "Homework day_3\Homework day_3.csproj", "{99325620-0C41-4182-AEF7-54B55620A9CC}"
EndProject
Global
	GlobalSection(SolutionConfigurationPlatforms) = preSolution
		Debug|Any CPU = Debug|Any CPU
		Release|Any CPU = Release|Any CPU
	EndGlobalSection
	GlobalSection(ProjectConfigurationPlatforms) = postSolution
		{99325620-0C41-4182-AEF7-54B55620A9CC}.Debug|Any CPU.ActiveCfg = Debug|Any CPU
		{99325620-0C41-4182-AEF7-54B55620A9CC}.Debug|Any CPU.Build.0 = Debug|Any CPU
		{99325620-0C41-4182-AEF7-54B55620A9CC}.Release|Any CPU.ActiveCfg = Release|Any CPU
		{99325620-0C41-4182-AEF7-54B55620A9CC}.Release|Any CPU.Build.0 = Release|Any CPU
	EndGlobalSection
	GlobalSection(SolutionProperties) = preSolution
		HideSolutionNode = FALSE
	EndGlobalSection
	GlobalSection(ExtensibilityGlobals) = postSolution
		SolutionGuid = {2A64E8E4-5F49-4A5C-8064-0DC2DDCF15D2}
	EndGlobalSection
EndGlobal
