
Microsoft Visual Studio Solution File, Format Version 12.00
# Visual Studio Version 17
VisualStudioVersion = 17.7.34221.43
MinimumVisualStudioVersion = 10.0.40219.1
Project("{FAE04EC0-301F-11D3-BF4B-00C04F79EFBC}") = "Practice_1", "HW_day_8_recursion\Practice_1.csproj", "{0468EFA3-AF22-44BC-9B76-2185F787585A}"
EndProject
Project("{FAE04EC0-301F-11D3-BF4B-00C04F79EFBC}") = "Practice_2", "Practice_2\Practice_2.csproj", "{B089C832-0EDA-41AD-914E-BFEC5FBF95A3}"
EndProject
Project("{FAE04EC0-301F-11D3-BF4B-00C04F79EFBC}") = "Practice_3", "Practice_3\Practice_3.csproj", "{0FA88D03-A84A-42C9-8B1E-9C54A0521480}"
EndProject
Project("{FAE04EC0-301F-11D3-BF4B-00C04F79EFBC}") = "Practice_4", "Practice_4\Practice_4.csproj", "{DF914D95-3BE0-459A-A1D6-D28648409D03}"
EndProject
Project("{FAE04EC0-301F-11D3-BF4B-00C04F79EFBC}") = "Practice_5", "Practice_5\Practice_5.csproj", "{E8611AE7-C9B6-42A7-8787-9113D87210DF}"
EndProject
Global
	GlobalSection(SolutionConfigurationPlatforms) = preSolution
		Debug|Any CPU = Debug|Any CPU
		Release|Any CPU = Release|Any CPU
	EndGlobalSection
	GlobalSection(ProjectConfigurationPlatforms) = postSolution
		{0468EFA3-AF22-44BC-9B76-2185F787585A}.Debug|Any CPU.ActiveCfg = Debug|Any CPU
		{0468EFA3-AF22-44BC-9B76-2185F787585A}.Debug|Any CPU.Build.0 = Debug|Any CPU
		{0468EFA3-AF22-44BC-9B76-2185F787585A}.Release|Any CPU.ActiveCfg = Release|Any CPU
		{0468EFA3-AF22-44BC-9B76-2185F787585A}.Release|Any CPU.Build.0 = Release|Any CPU
		{B089C832-0EDA-41AD-914E-BFEC5FBF95A3}.Debug|Any CPU.ActiveCfg = Debug|Any CPU
		{B089C832-0EDA-41AD-914E-BFEC5FBF95A3}.Debug|Any CPU.Build.0 = Debug|Any CPU
		{B089C832-0EDA-41AD-914E-BFEC5FBF95A3}.Release|Any CPU.ActiveCfg = Release|Any CPU
		{B089C832-0EDA-41AD-914E-BFEC5FBF95A3}.Release|Any CPU.Build.0 = Release|Any CPU
		{0FA88D03-A84A-42C9-8B1E-9C54A0521480}.Debug|Any CPU.ActiveCfg = Debug|Any CPU
		{0FA88D03-A84A-42C9-8B1E-9C54A0521480}.Debug|Any CPU.Build.0 = Debug|Any CPU
		{0FA88D03-A84A-42C9-8B1E-9C54A0521480}.Release|Any CPU.ActiveCfg = Release|Any CPU
		{0FA88D03-A84A-42C9-8B1E-9C54A0521480}.Release|Any CPU.Build.0 = Release|Any CPU
		{DF914D95-3BE0-459A-A1D6-D28648409D03}.Debug|Any CPU.ActiveCfg = Debug|Any CPU
		{DF914D95-3BE0-459A-A1D6-D28648409D03}.Debug|Any CPU.Build.0 = Debug|Any CPU
		{DF914D95-3BE0-459A-A1D6-D28648409D03}.Release|Any CPU.ActiveCfg = Release|Any CPU
		{DF914D95-3BE0-459A-A1D6-D28648409D03}.Release|Any CPU.Build.0 = Release|Any CPU
		{E8611AE7-C9B6-42A7-8787-9113D87210DF}.Debug|Any CPU.ActiveCfg = Debug|Any CPU
		{E8611AE7-C9B6-42A7-8787-9113D87210DF}.Debug|Any CPU.Build.0 = Debug|Any CPU
		{E8611AE7-C9B6-42A7-8787-9113D87210DF}.Release|Any CPU.ActiveCfg = Release|Any CPU
		{E8611AE7-C9B6-42A7-8787-9113D87210DF}.Release|Any CPU.Build.0 = Release|Any CPU
	EndGlobalSection
	GlobalSection(SolutionProperties) = preSolution
		HideSolutionNode = FALSE
	EndGlobalSection
	GlobalSection(ExtensibilityGlobals) = postSolution
		SolutionGuid = {FA284DA4-2190-4034-AAB2-BED305B2B40A}
	EndGlobalSection
EndGlobal
