
Microsoft Visual Studio Solution File, Format Version 12.00
# Visual Studio Version 17
VisualStudioVersion = 17.7.34221.43
MinimumVisualStudioVersion = 10.0.40219.1
Project("{FAE04EC0-301F-11D3-BF4B-00C04F79EFBC}") = "HW_day_22_Delegates", "HW_day_22_Delegates\HW_day_22_Delegates.csproj", "{37B0DC67-E0AA-47DC-A687-8FCC8F3D414F}"
EndProject
Global
	GlobalSection(SolutionConfigurationPlatforms) = preSolution
		Debug|Any CPU = Debug|Any CPU
		Release|Any CPU = Release|Any CPU
	EndGlobalSection
	GlobalSection(ProjectConfigurationPlatforms) = postSolution
		{37B0DC67-E0AA-47DC-A687-8FCC8F3D414F}.Debug|Any CPU.ActiveCfg = Debug|Any CPU
		{37B0DC67-E0AA-47DC-A687-8FCC8F3D414F}.Debug|Any CPU.Build.0 = Debug|Any CPU
		{37B0DC67-E0AA-47DC-A687-8FCC8F3D414F}.Release|Any CPU.ActiveCfg = Release|Any CPU
		{37B0DC67-E0AA-47DC-A687-8FCC8F3D414F}.Release|Any CPU.Build.0 = Release|Any CPU
	EndGlobalSection
	GlobalSection(SolutionProperties) = preSolution
		HideSolutionNode = FALSE
	EndGlobalSection
	GlobalSection(ExtensibilityGlobals) = postSolution
		SolutionGuid = {54C0ACAF-8E2D-49DD-A500-F55C0497DA87}
	EndGlobalSection
EndGlobal
